Microsoft Visual Studio Solution File, Format Version 12.00
# Visual Studio Version 17
VisualStudioVersion = 17.5.2.0
MinimumVisualStudioVersion = 10.0.40219.1
Project("{FAE04EC0-301F-11D3-BF4B-00C04F79EFBC}") = "maxfaceitstats.api", "maxfaceitstats.api.csproj", "{9E209F5A-636C-A58C-17E7-4053D9112333}"
EndProject
Global
	GlobalSection(SolutionConfigurationPlatforms) = preSolution
		Debug|Any CPU = Debug|Any CPU
		Release|Any CPU = Release|Any CPU
	EndGlobalSection
	GlobalSection(ProjectConfigurationPlatforms) = postSolution
		{9E209F5A-636C-A58C-17E7-4053D9112333}.Debug|Any CPU.ActiveCfg = Debug|Any CPU
		{9E209F5A-636C-A58C-17E7-4053D9112333}.Debug|Any CPU.Build.0 = Debug|Any CPU
		{9E209F5A-636C-A58C-17E7-4053D9112333}.Release|Any CPU.ActiveCfg = Release|Any CPU
		{9E209F5A-636C-A58C-17E7-4053D9112333}.Release|Any CPU.Build.0 = Release|Any CPU
	EndGlobalSection
	GlobalSection(SolutionProperties) = preSolution
		HideSolutionNode = FALSE
	EndGlobalSection
	GlobalSection(ExtensibilityGlobals) = postSolution
		SolutionGuid = {01022B4F-A6A7-404E-990F-1348DD1B7B37}
	EndGlobalSection
EndGlobal
